
Microsoft Visual Studio Solution File, Format Version 9.00
# Visual Studio 2005
Project("{E24C65DC-7377-472B-9ABA-BC803B73C61A}") = "D:\...\Serveur PC\", "Serveur PC.sln", "{3CDA8570-F2B6-4321-9AE2-0FB0779344C5}"
EndProject
Global
	GlobalSection(SolutionConfigurationPlatforms) = preSolution
		Debug|.NET = Debug|.NET
	EndGlobalSection
	GlobalSection(ProjectConfigurationPlatforms) = postSolution
		{3CDA8570-F2B6-4321-9AE2-0FB0779344C5}.Debug|.NET.ActiveCfg = Debug|.NET
		{3CDA8570-F2B6-4321-9AE2-0FB0779344C5}.Debug|.NET.Build.0 = Debug|.NET
	EndGlobalSection
	GlobalSection(SolutionProperties) = preSolution
		HideSolutionNode = FALSE
	EndGlobalSection
EndGlobal
